
Microsoft Visual Studio Solution File, Format Version 12.00
# Visual Studio Version 16
VisualStudioVersion = 16.0.31025.194
MinimumVisualStudioVersion = 10.0.40219.1
Project("{FAE04EC0-301F-11D3-BF4B-00C04F79EFBC}") = "ServiceTier", "ServiceTier\ServiceTier.csproj", "{F9AA7150-37B9-4528-A457-B59DC4C0B21F}"
EndProject
Project("{FAE04EC0-301F-11D3-BF4B-00C04F79EFBC}") = "DataAccessTier", "DataAccessTier\DataAccessTier.csproj", "{0AAAFA37-7AD8-4D1C-A08B-3EBA31FDF5C0}"
EndProject
Project("{FAE04EC0-301F-11D3-BF4B-00C04F79EFBC}") = "EntityTier", "EntityTier\EntityTier.csproj", "{F8F08684-BFA3-46B0-9DF3-B7A6DE9188FC}"
EndProject
Global
	GlobalSection(SolutionConfigurationPlatforms) = preSolution
		Debug|Any CPU = Debug|Any CPU
		Release|Any CPU = Release|Any CPU
	EndGlobalSection
	GlobalSection(ProjectConfigurationPlatforms) = postSolution
		{F9AA7150-37B9-4528-A457-B59DC4C0B21F}.Debug|Any CPU.ActiveCfg = Debug|Any CPU
		{F9AA7150-37B9-4528-A457-B59DC4C0B21F}.Debug|Any CPU.Build.0 = Debug|Any CPU
		{F9AA7150-37B9-4528-A457-B59DC4C0B21F}.Release|Any CPU.ActiveCfg = Release|Any CPU
		{F9AA7150-37B9-4528-A457-B59DC4C0B21F}.Release|Any CPU.Build.0 = Release|Any CPU
		{0AAAFA37-7AD8-4D1C-A08B-3EBA31FDF5C0}.Debug|Any CPU.ActiveCfg = Debug|Any CPU
		{0AAAFA37-7AD8-4D1C-A08B-3EBA31FDF5C0}.Debug|Any CPU.Build.0 = Debug|Any CPU
		{0AAAFA37-7AD8-4D1C-A08B-3EBA31FDF5C0}.Release|Any CPU.ActiveCfg = Release|Any CPU
		{0AAAFA37-7AD8-4D1C-A08B-3EBA31FDF5C0}.Release|Any CPU.Build.0 = Release|Any CPU
		{F8F08684-BFA3-46B0-9DF3-B7A6DE9188FC}.Debug|Any CPU.ActiveCfg = Debug|Any CPU
		{F8F08684-BFA3-46B0-9DF3-B7A6DE9188FC}.Debug|Any CPU.Build.0 = Debug|Any CPU
		{F8F08684-BFA3-46B0-9DF3-B7A6DE9188FC}.Release|Any CPU.ActiveCfg = Release|Any CPU
		{F8F08684-BFA3-46B0-9DF3-B7A6DE9188FC}.Release|Any CPU.Build.0 = Release|Any CPU
	EndGlobalSection
	GlobalSection(SolutionProperties) = preSolution
		HideSolutionNode = FALSE
	EndGlobalSection
	GlobalSection(ExtensibilityGlobals) = postSolution
		SolutionGuid = {6BD708C2-48E8-449D-A413-C021B246E519}
	EndGlobalSection
EndGlobal
